
Microsoft Visual Studio Solution File, Format Version 12.00
# Visual Studio Version 17
VisualStudioVersion = 17.11.35327.3
MinimumVisualStudioVersion = 10.0.40219.1
Project("{FAE04EC0-301F-11D3-BF4B-00C04F79EFBC}") = "Proyecto", "EjemploHerenciaPaginasWeb\Proyecto.csproj", "{A853586F-A6D8-4F85-ADE3-76477F250E4E}"
EndProject
Global
	GlobalSection(SolutionConfigurationPlatforms) = preSolution
		Debug|Any CPU = Debug|Any CPU
		Release|Any CPU = Release|Any CPU
	EndGlobalSection
	GlobalSection(ProjectConfigurationPlatforms) = postSolution
		{A853586F-A6D8-4F85-ADE3-76477F250E4E}.Debug|Any CPU.ActiveCfg = Debug|Any CPU
		{A853586F-A6D8-4F85-ADE3-76477F250E4E}.Debug|Any CPU.Build.0 = Debug|Any CPU
		{A853586F-A6D8-4F85-ADE3-76477F250E4E}.Release|Any CPU.ActiveCfg = Release|Any CPU
		{A853586F-A6D8-4F85-ADE3-76477F250E4E}.Release|Any CPU.Build.0 = Release|Any CPU
	EndGlobalSection
	GlobalSection(SolutionProperties) = preSolution
		HideSolutionNode = FALSE
	EndGlobalSection
	GlobalSection(ExtensibilityGlobals) = postSolution
		SolutionGuid = {079E91AD-BC67-43DD-B6EC-206360D3646D}
	EndGlobalSection
EndGlobal
